
Microsoft Visual Studio Solution File, Format Version 12.00
# Visual Studio Version 17
VisualStudioVersion = 17.1.32210.238
MinimumVisualStudioVersion = 10.0.40219.1
Project("{FAE04EC0-301F-11D3-BF4B-00C04F79EFBC}") = "HttpStatusExtention", "HttpStatusExtention\HttpStatusExtention.csproj", "{56DA414F-1B2A-44FC-BF87-1FAB0BA34C96}"
EndProject
Global
	GlobalSection(SolutionConfigurationPlatforms) = preSolution
		Debug|Any CPU = Debug|Any CPU
		Release|Any CPU = Release|Any CPU
	EndGlobalSection
	GlobalSection(ProjectConfigurationPlatforms) = postSolution
		{56DA414F-1B2A-44FC-BF87-1FAB0BA34C96}.Debug|Any CPU.ActiveCfg = Debug|Any CPU
		{56DA414F-1B2A-44FC-BF87-1FAB0BA34C96}.Debug|Any CPU.Build.0 = Debug|Any CPU
		{56DA414F-1B2A-44FC-BF87-1FAB0BA34C96}.Release|Any CPU.ActiveCfg = Release|Any CPU
		{56DA414F-1B2A-44FC-BF87-1FAB0BA34C96}.Release|Any CPU.Build.0 = Release|Any CPU
	EndGlobalSection
	GlobalSection(SolutionProperties) = preSolution
		HideSolutionNode = FALSE
	EndGlobalSection
	GlobalSection(ExtensibilityGlobals) = postSolution
		SolutionGuid = {810C3134-B540-4E34-9863-9BEB2D3B8B99}
	EndGlobalSection
EndGlobal
